
Microsoft Visual Studio Solution File, Format Version 12.00
# Visual Studio 15
VisualStudioVersion = 15.0.26228.4
MinimumVisualStudioVersion = 10.0.40219.1
Project("{FAE04EC0-301F-11D3-BF4B-00C04F79EFBC}") = "Histogram Citra Derajat Keabuan", "Histogram Citra Derajat Keabuan\Histogram Citra Derajat Keabuan.csproj", "{E40AF12A-9DD2-4243-980F-0125F10EAAE6}"
EndProject
Global
	GlobalSection(SolutionConfigurationPlatforms) = preSolution
		Debug|Any CPU = Debug|Any CPU
		Release|Any CPU = Release|Any CPU
	EndGlobalSection
	GlobalSection(ProjectConfigurationPlatforms) = postSolution
		{E40AF12A-9DD2-4243-980F-0125F10EAAE6}.Debug|Any CPU.ActiveCfg = Debug|Any CPU
		{E40AF12A-9DD2-4243-980F-0125F10EAAE6}.Debug|Any CPU.Build.0 = Debug|Any CPU
		{E40AF12A-9DD2-4243-980F-0125F10EAAE6}.Release|Any CPU.ActiveCfg = Release|Any CPU
		{E40AF12A-9DD2-4243-980F-0125F10EAAE6}.Release|Any CPU.Build.0 = Release|Any CPU
	EndGlobalSection
	GlobalSection(SolutionProperties) = preSolution
		HideSolutionNode = FALSE
	EndGlobalSection
EndGlobal
