
Microsoft Visual Studio Solution File, Format Version 12.00
# Visual Studio 15
VisualStudioVersion = 15.0.26228.4
MinimumVisualStudioVersion = 10.0.40219.1
Project("{FAE04EC0-301F-11D3-BF4B-00C04F79EFBC}") = "Histogram Warna Kombinasi", "Histogram Warna Kombinasi\Histogram Warna Kombinasi.csproj", "{FAE77399-B59B-4401-81A5-46A31C8673CC}"
EndProject
Global
	GlobalSection(SolutionConfigurationPlatforms) = preSolution
		Debug|Any CPU = Debug|Any CPU
		Release|Any CPU = Release|Any CPU
	EndGlobalSection
	GlobalSection(ProjectConfigurationPlatforms) = postSolution
		{FAE77399-B59B-4401-81A5-46A31C8673CC}.Debug|Any CPU.ActiveCfg = Debug|Any CPU
		{FAE77399-B59B-4401-81A5-46A31C8673CC}.Debug|Any CPU.Build.0 = Debug|Any CPU
		{FAE77399-B59B-4401-81A5-46A31C8673CC}.Release|Any CPU.ActiveCfg = Release|Any CPU
		{FAE77399-B59B-4401-81A5-46A31C8673CC}.Release|Any CPU.Build.0 = Release|Any CPU
	EndGlobalSection
	GlobalSection(SolutionProperties) = preSolution
		HideSolutionNode = FALSE
	EndGlobalSection
EndGlobal
